
Microsoft Visual Studio Solution File, Format Version 12.00
# Visual Studio Version 17
VisualStudioVersion = 17.7.34202.233
MinimumVisualStudioVersion = 10.0.40219.1
Project("{9A19103F-16F7-4668-BE54-9A1E7A4F7556}") = "Sparky", "Sparky\Sparky.csproj", "{D12F8955-E2A3-4F60-A0BE-B915CEA91617}"
EndProject
Project("{9A19103F-16F7-4668-BE54-9A1E7A4F7556}") = "Sparky_MSTest", "Sparky_MSTest\Sparky_MSTest.csproj", "{A90DA847-945A-44B6-8E43-2B90391BC3B7}"
EndProject
Project("{9A19103F-16F7-4668-BE54-9A1E7A4F7556}") = "Sparky_NUnitTest", "Sparky_NUnitTest\Sparky_NUnitTest.csproj", "{8B0C52C1-AB41-41B3-97A9-EF24F985DFFE}"
EndProject
Project("{FAE04EC0-301F-11D3-BF4B-00C04F79EFBC}") = "Sparky_XUnit", "Sparky_XUnit\Sparky_XUnit.csproj", "{7D02BE59-1D2E-474D-9E38-EDF6440311F8}"
EndProject
Global
	GlobalSection(SolutionConfigurationPlatforms) = preSolution
		Debug|Any CPU = Debug|Any CPU
		Release|Any CPU = Release|Any CPU
	EndGlobalSection
	GlobalSection(ProjectConfigurationPlatforms) = postSolution
		{D12F8955-E2A3-4F60-A0BE-B915CEA91617}.Debug|Any CPU.ActiveCfg = Debug|Any CPU
		{D12F8955-E2A3-4F60-A0BE-B915CEA91617}.Debug|Any CPU.Build.0 = Debug|Any CPU
		{D12F8955-E2A3-4F60-A0BE-B915CEA91617}.Release|Any CPU.ActiveCfg = Release|Any CPU
		{D12F8955-E2A3-4F60-A0BE-B915CEA91617}.Release|Any CPU.Build.0 = Release|Any CPU
		{A90DA847-945A-44B6-8E43-2B90391BC3B7}.Debug|Any CPU.ActiveCfg = Debug|Any CPU
		{A90DA847-945A-44B6-8E43-2B90391BC3B7}.Debug|Any CPU.Build.0 = Debug|Any CPU
		{A90DA847-945A-44B6-8E43-2B90391BC3B7}.Release|Any CPU.ActiveCfg = Release|Any CPU
		{A90DA847-945A-44B6-8E43-2B90391BC3B7}.Release|Any CPU.Build.0 = Release|Any CPU
		{8B0C52C1-AB41-41B3-97A9-EF24F985DFFE}.Debug|Any CPU.ActiveCfg = Debug|Any CPU
		{8B0C52C1-AB41-41B3-97A9-EF24F985DFFE}.Debug|Any CPU.Build.0 = Debug|Any CPU
		{8B0C52C1-AB41-41B3-97A9-EF24F985DFFE}.Release|Any CPU.ActiveCfg = Release|Any CPU
		{8B0C52C1-AB41-41B3-97A9-EF24F985DFFE}.Release|Any CPU.Build.0 = Release|Any CPU
		{7D02BE59-1D2E-474D-9E38-EDF6440311F8}.Debug|Any CPU.ActiveCfg = Debug|Any CPU
		{7D02BE59-1D2E-474D-9E38-EDF6440311F8}.Debug|Any CPU.Build.0 = Debug|Any CPU
		{7D02BE59-1D2E-474D-9E38-EDF6440311F8}.Release|Any CPU.ActiveCfg = Release|Any CPU
		{7D02BE59-1D2E-474D-9E38-EDF6440311F8}.Release|Any CPU.Build.0 = Release|Any CPU
	EndGlobalSection
	GlobalSection(SolutionProperties) = preSolution
		HideSolutionNode = FALSE
	EndGlobalSection
	GlobalSection(ExtensibilityGlobals) = postSolution
		SolutionGuid = {2C77E231-B663-4489-A844-38ED91C38F2C}
	EndGlobalSection
EndGlobal
